
Microsoft Visual Studio Solution File, Format Version 12.00
# Visual Studio 15
VisualStudioVersion = 15.0.28307.136
MinimumVisualStudioVersion = 10.0.40219.1
Project("{9A19103F-16F7-4668-BE54-9A1E7A4F7556}") = "DD.WebAPI", "DD.WebAPI\DD.WebAPI.csproj", "{04E00F3A-3C5D-40C9-8322-8A11D463B837}"
EndProject
Project("{9A19103F-16F7-4668-BE54-9A1E7A4F7556}") = "DD.Web.Application", "DD.Web.Application\DD.Web.Application.csproj", "{6247CB44-B927-4129-AD88-C2D8F0F01FAE}"
EndProject
Project("{9A19103F-16F7-4668-BE54-9A1E7A4F7556}") = "DD.Data", "DD.Data\DD.Data.csproj", "{6BE66928-DB5B-4ACC-AEC2-F0244F39E8B8}"
EndProject
Project("{9A19103F-16F7-4668-BE54-9A1E7A4F7556}") = "DD.Domain", "DD.Domain\DD.Domain.csproj", "{DE58FE5B-8AEB-44F8-ABF8-A150ABACA134}"
EndProject
Project("{FAE04EC0-301F-11D3-BF4B-00C04F79EFBC}") = "DD.Common", "DD.Common\DD.Common.csproj", "{25677BAA-9477-45C8-9FFC-90A3BC48E00C}"
EndProject
Project("{00D1A9C2-B5F0-4AF3-8072-F6C62B433612}") = "DD.DBSchema", "DD.DBSchema\DD.DBSchema.sqlproj", "{FB9269FA-44A1-421A-B591-4CB6C153B836}"
EndProject
Project("{9A19103F-16F7-4668-BE54-9A1E7A4F7556}") = "WebApi", "..\..\..\Documents\Projects\aspnet-core-registration-login-api-master\WebApi.csproj", "{AA8E1CEA-C22C-46AA-9BE4-70DDC8DDAB9B}"
EndProject
Global
	GlobalSection(SolutionConfigurationPlatforms) = preSolution
		Debug|Any CPU = Debug|Any CPU
		Release|Any CPU = Release|Any CPU
	EndGlobalSection
	GlobalSection(ProjectConfigurationPlatforms) = postSolution
		{04E00F3A-3C5D-40C9-8322-8A11D463B837}.Debug|Any CPU.ActiveCfg = Debug|Any CPU
		{04E00F3A-3C5D-40C9-8322-8A11D463B837}.Debug|Any CPU.Build.0 = Debug|Any CPU
		{04E00F3A-3C5D-40C9-8322-8A11D463B837}.Release|Any CPU.ActiveCfg = Release|Any CPU
		{04E00F3A-3C5D-40C9-8322-8A11D463B837}.Release|Any CPU.Build.0 = Release|Any CPU
		{6247CB44-B927-4129-AD88-C2D8F0F01FAE}.Debug|Any CPU.ActiveCfg = Debug|Any CPU
		{6247CB44-B927-4129-AD88-C2D8F0F01FAE}.Debug|Any CPU.Build.0 = Debug|Any CPU
		{6247CB44-B927-4129-AD88-C2D8F0F01FAE}.Release|Any CPU.ActiveCfg = Release|Any CPU
		{6247CB44-B927-4129-AD88-C2D8F0F01FAE}.Release|Any CPU.Build.0 = Release|Any CPU
		{6BE66928-DB5B-4ACC-AEC2-F0244F39E8B8}.Debug|Any CPU.ActiveCfg = Debug|Any CPU
		{6BE66928-DB5B-4ACC-AEC2-F0244F39E8B8}.Debug|Any CPU.Build.0 = Debug|Any CPU
		{6BE66928-DB5B-4ACC-AEC2-F0244F39E8B8}.Release|Any CPU.ActiveCfg = Release|Any CPU
		{6BE66928-DB5B-4ACC-AEC2-F0244F39E8B8}.Release|Any CPU.Build.0 = Release|Any CPU
		{DE58FE5B-8AEB-44F8-ABF8-A150ABACA134}.Debug|Any CPU.ActiveCfg = Debug|Any CPU
		{DE58FE5B-8AEB-44F8-ABF8-A150ABACA134}.Debug|Any CPU.Build.0 = Debug|Any CPU
		{DE58FE5B-8AEB-44F8-ABF8-A150ABACA134}.Release|Any CPU.ActiveCfg = Release|Any CPU
		{DE58FE5B-8AEB-44F8-ABF8-A150ABACA134}.Release|Any CPU.Build.0 = Release|Any CPU
		{25677BAA-9477-45C8-9FFC-90A3BC48E00C}.Debug|Any CPU.ActiveCfg = Debug|Any CPU
		{25677BAA-9477-45C8-9FFC-90A3BC48E00C}.Debug|Any CPU.Build.0 = Debug|Any CPU
		{25677BAA-9477-45C8-9FFC-90A3BC48E00C}.Release|Any CPU.ActiveCfg = Release|Any CPU
		{25677BAA-9477-45C8-9FFC-90A3BC48E00C}.Release|Any CPU.Build.0 = Release|Any CPU
		{FB9269FA-44A1-421A-B591-4CB6C153B836}.Debug|Any CPU.ActiveCfg = Debug|Any CPU
		{FB9269FA-44A1-421A-B591-4CB6C153B836}.Debug|Any CPU.Build.0 = Debug|Any CPU
		{FB9269FA-44A1-421A-B591-4CB6C153B836}.Debug|Any CPU.Deploy.0 = Debug|Any CPU
		{FB9269FA-44A1-421A-B591-4CB6C153B836}.Release|Any CPU.ActiveCfg = Release|Any CPU
		{FB9269FA-44A1-421A-B591-4CB6C153B836}.Release|Any CPU.Build.0 = Release|Any CPU
		{FB9269FA-44A1-421A-B591-4CB6C153B836}.Release|Any CPU.Deploy.0 = Release|Any CPU
		{AA8E1CEA-C22C-46AA-9BE4-70DDC8DDAB9B}.Debug|Any CPU.ActiveCfg = Debug|Any CPU
		{AA8E1CEA-C22C-46AA-9BE4-70DDC8DDAB9B}.Debug|Any CPU.Build.0 = Debug|Any CPU
		{AA8E1CEA-C22C-46AA-9BE4-70DDC8DDAB9B}.Release|Any CPU.ActiveCfg = Release|Any CPU
		{AA8E1CEA-C22C-46AA-9BE4-70DDC8DDAB9B}.Release|Any CPU.Build.0 = Release|Any CPU
	EndGlobalSection
	GlobalSection(SolutionProperties) = preSolution
		HideSolutionNode = FALSE
	EndGlobalSection
	GlobalSection(ExtensibilityGlobals) = postSolution
		SolutionGuid = {FBC1C02E-9788-4AB9-8ED3-E6278FC5E40F}
	EndGlobalSection
EndGlobal
